// !$*UTF8*$!
{
	archiveVersion = 1;
	classes = {
	};
	objectVersion = 56;
	objects = {

/* Begin PBXBuildFile section */
		2457403729488D7900F4DB62 /* efficientnet_lite0.tflite in Resources */ = {isa = PBXBuildFile; fileRef = 2457403129488D7900F4DB62 /* efficientnet_lite0.tflite */; };
		54CC2EC931B6E922908992D9 /* Pods_LEGO_Brick_Finder_LEGO_Brick_FinderUITests.framework in Frameworks */ = {isa = PBXBuildFile; fileRef = 153BA881C5F98F881E218796 /* Pods_LEGO_Brick_Finder_LEGO_Brick_FinderUITests.framework */; };
		86100F7BF94ED0AADE36BFB9 /* Pods_LEGO_Brick_FinderTests.framework in Frameworks */ = {isa = PBXBuildFile; fileRef = 42360BF61EB7B2DC93204152 /* Pods_LEGO_Brick_FinderTests.framework */; };
		DC0B48D029EDF4A20092DFF0 /* model8.tflite in Resources */ = {isa = PBXBuildFile; fileRef = DC0B48CE29EDF4A20092DFF0 /* model8.tflite */; };
		DC0B48D129EDF4A20092DFF0 /* automl20_447.tflite in Resources */ = {isa = PBXBuildFile; fileRef = DC0B48CF29EDF4A20092DFF0 /* automl20_447.tflite */; };
		DC0B48D529EDF53A0092DFF0 /* test1.jpeg in Resources */ = {isa = PBXBuildFile; fileRef = DC0B48D229EDF53A0092DFF0 /* test1.jpeg */; };
		DC0B48D629EDF53A0092DFF0 /* test0.jpeg in Resources */ = {isa = PBXBuildFile; fileRef = DC0B48D329EDF53A0092DFF0 /* test0.jpeg */; };
		DC0B48D729EDF53A0092DFF0 /* test2.jpeg in Resources */ = {isa = PBXBuildFile; fileRef = DC0B48D429EDF53A0092DFF0 /* test2.jpeg */; };
		EA3DFF0385A74444452E0AC2 /* Pods_LEGO_Brick_Finder.framework in Frameworks */ = {isa = PBXBuildFile; fileRef = 597547FC2CDE633591A774EC /* Pods_LEGO_Brick_Finder.framework */; };
		FF050D7429212FC20070C5E7 /* Splash_Screen.swift in Sources */ = {isa = PBXBuildFile; fileRef = FF050D7329212FC20070C5E7 /* Splash_Screen.swift */; };
		FF1EC68528FC8316003CA9C5 /* Show_All.swift in Sources */ = {isa = PBXBuildFile; fileRef = FF1EC68428FC8316003CA9C5 /* Show_All.swift */; };
		FF1EC68728FC8AB0003CA9C5 /* Search.swift in Sources */ = {isa = PBXBuildFile; fileRef = FF1EC68628FC8AB0003CA9C5 /* Search.swift */; };
		FF211C9328F89E9D0043B5E8 /* LEGO_Brick_FinderApp.swift in Sources */ = {isa = PBXBuildFile; fileRef = FF211C9228F89E9D0043B5E8 /* LEGO_Brick_FinderApp.swift */; };
		FF211C9528F89E9D0043B5E8 /* ContentView.swift in Sources */ = {isa = PBXBuildFile; fileRef = FF211C9428F89E9D0043B5E8 /* ContentView.swift */; };
		FF211C9728F89E9E0043B5E8 /* Assets.xcassets in Resources */ = {isa = PBXBuildFile; fileRef = FF211C9628F89E9E0043B5E8 /* Assets.xcassets */; };
		FF211C9A28F89E9E0043B5E8 /* Preview Assets.xcassets in Resources */ = {isa = PBXBuildFile; fileRef = FF211C9928F89E9E0043B5E8 /* Preview Assets.xcassets */; };
		FF211CA428F89E9F0043B5E8 /* LEGO_Brick_FinderTests.swift in Sources */ = {isa = PBXBuildFile; fileRef = FF211CA328F89E9F0043B5E8 /* LEGO_Brick_FinderTests.swift */; };
		FF211CAE28F89E9F0043B5E8 /* LEGO_Brick_FinderUITests.swift in Sources */ = {isa = PBXBuildFile; fileRef = FF211CAD28F89E9F0043B5E8 /* LEGO_Brick_FinderUITests.swift */; };
		FF211CB028F89E9F0043B5E8 /* LEGO_Brick_FinderUITestsLaunchTests.swift in Sources */ = {isa = PBXBuildFile; fileRef = FF211CAF28F89E9F0043B5E8 /* LEGO_Brick_FinderUITestsLaunchTests.swift */; };
		FF43B9C3299C41DD000857FB /* ImagePicker.swift in Sources */ = {isa = PBXBuildFile; fileRef = FF43B9C2299C41DD000857FB /* ImagePicker.swift */; };
		FFE787E029EF16F900149EDC /* Lego_Color.swift in Sources */ = {isa = PBXBuildFile; fileRef = FFE787DD29EF16F900149EDC /* Lego_Color.swift */; };
		FFE787E429EF188E00149EDC /* Sampled_Colors.csv in Resources */ = {isa = PBXBuildFile; fileRef = FFE787E329EF188E00149EDC /* Sampled_Colors.csv */; };
		FFE787EA29EF19F600149EDC /* Color_Detection.swift in Sources */ = {isa = PBXBuildFile; fileRef = FFE787E929EF19F600149EDC /* Color_Detection.swift */; };
		FFE787EC29EF1A5500149EDC /* Lego_Color_Collection.swift in Sources */ = {isa = PBXBuildFile; fileRef = FFE787EB29EF1A5500149EDC /* Lego_Color_Collection.swift */; };
		FFF8B22628FB2193005EA167 /* Capture_Image.swift in Sources */ = {isa = PBXBuildFile; fileRef = FFF8B22528FB2193005EA167 /* Capture_Image.swift */; };
		FFF8B22828FB2F25005EA167 /* Upload_Image.swift in Sources */ = {isa = PBXBuildFile; fileRef = FFF8B22728FB2F25005EA167 /* Upload_Image.swift */; };
		FFF8B22A28FB4152005EA167 /* Image_Processing.swift in Sources */ = {isa = PBXBuildFile; fileRef = FFF8B22928FB4152005EA167 /* Image_Processing.swift */; };
		FFF8B22E28FB440E005EA167 /* Result_Screen.swift in Sources */ = {isa = PBXBuildFile; fileRef = FFF8B22D28FB440E005EA167 /* Result_Screen.swift */; };
/* End PBXBuildFile section */

/* Begin PBXContainerItemProxy section */
		FF211CA028F89E9F0043B5E8 /* PBXContainerItemProxy */ = {
			isa = PBXContainerItemProxy;
			containerPortal = FF211C8728F89E9C0043B5E8 /* Project object */;
			proxyType = 1;
			remoteGlobalIDString = FF211C8E28F89E9C0043B5E8;
			remoteInfo = "LEGO Brick Finder";
		};
		FF211CAA28F89E9F0043B5E8 /* PBXContainerItemProxy */ = {
			isa = PBXContainerItemProxy;
			containerPortal = FF211C8728F89E9C0043B5E8 /* Project object */;
			proxyType = 1;
			remoteGlobalIDString = FF211C8E28F89E9C0043B5E8;
			remoteInfo = "LEGO Brick Finder";
		};
/* End PBXContainerItemProxy section */

/* Begin PBXFileReference section */
		14C59221CE7CCC4FDAB33410 /* Pods-LEGO Brick Finder.release.xcconfig */ = {isa = PBXFileReference; includeInIndex = 1; lastKnownFileType = text.xcconfig; name = "Pods-LEGO Brick Finder.release.xcconfig"; path = "Target Support Files/Pods-LEGO Brick Finder/Pods-LEGO Brick Finder.release.xcconfig"; sourceTree = "<group>"; };
		153BA881C5F98F881E218796 /* Pods_LEGO_Brick_Finder_LEGO_Brick_FinderUITests.framework */ = {isa = PBXFileReference; explicitFileType = wrapper.framework; includeInIndex = 0; path = Pods_LEGO_Brick_Finder_LEGO_Brick_FinderUITests.framework; sourceTree = BUILT_PRODUCTS_DIR; };
		239809454ADB6CB55403013F /* Pods-LEGO Brick Finder-LEGO Brick FinderUITests.debug.xcconfig */ = {isa = PBXFileReference; includeInIndex = 1; lastKnownFileType = text.xcconfig; name = "Pods-LEGO Brick Finder-LEGO Brick FinderUITests.debug.xcconfig"; path = "Target Support Files/Pods-LEGO Brick Finder-LEGO Brick FinderUITests/Pods-LEGO Brick Finder-LEGO Brick FinderUITests.debug.xcconfig"; sourceTree = "<group>"; };
		2457403129488D7900F4DB62 /* efficientnet_lite0.tflite */ = {isa = PBXFileReference; lastKnownFileType = file; path = efficientnet_lite0.tflite; sourceTree = "<group>"; };
		38A631D4D7AB106C28AE628F /* Pods-LEGO Brick Finder.debug.xcconfig */ = {isa = PBXFileReference; includeInIndex = 1; lastKnownFileType = text.xcconfig; name = "Pods-LEGO Brick Finder.debug.xcconfig"; path = "Target Support Files/Pods-LEGO Brick Finder/Pods-LEGO Brick Finder.debug.xcconfig"; sourceTree = "<group>"; };
		42360BF61EB7B2DC93204152 /* Pods_LEGO_Brick_FinderTests.framework */ = {isa = PBXFileReference; explicitFileType = wrapper.framework; includeInIndex = 0; path = Pods_LEGO_Brick_FinderTests.framework; sourceTree = BUILT_PRODUCTS_DIR; };
		55DD2620B972C9743A3D2983 /* Pods-LEGO Brick FinderTests.release.xcconfig */ = {isa = PBXFileReference; includeInIndex = 1; lastKnownFileType = text.xcconfig; name = "Pods-LEGO Brick FinderTests.release.xcconfig"; path = "Target Support Files/Pods-LEGO Brick FinderTests/Pods-LEGO Brick FinderTests.release.xcconfig"; sourceTree = "<group>"; };
		597547FC2CDE633591A774EC /* Pods_LEGO_Brick_Finder.framework */ = {isa = PBXFileReference; explicitFileType = wrapper.framework; includeInIndex = 0; path = Pods_LEGO_Brick_Finder.framework; sourceTree = BUILT_PRODUCTS_DIR; };
		7CC17E30782401E0FA09311B /* Pods-LEGO Brick Finder-LEGO Brick FinderUITests.release.xcconfig */ = {isa = PBXFileReference; includeInIndex = 1; lastKnownFileType = text.xcconfig; name = "Pods-LEGO Brick Finder-LEGO Brick FinderUITests.release.xcconfig"; path = "Target Support Files/Pods-LEGO Brick Finder-LEGO Brick FinderUITests/Pods-LEGO Brick Finder-LEGO Brick FinderUITests.release.xcconfig"; sourceTree = "<group>"; };
		7E343262F9BF669FCFF6DC7A /* Pods-LEGO Brick FinderTests.debug.xcconfig */ = {isa = PBXFileReference; includeInIndex = 1; lastKnownFileType = text.xcconfig; name = "Pods-LEGO Brick FinderTests.debug.xcconfig"; path = "Target Support Files/Pods-LEGO Brick FinderTests/Pods-LEGO Brick FinderTests.debug.xcconfig"; sourceTree = "<group>"; };
		DC0B48CE29EDF4A20092DFF0 /* model8.tflite */ = {isa = PBXFileReference; lastKnownFileType = file; path = model8.tflite; sourceTree = "<group>"; };
		DC0B48CF29EDF4A20092DFF0 /* automl20_447.tflite */ = {isa = PBXFileReference; lastKnownFileType = file; path = automl20_447.tflite; sourceTree = "<group>"; };
		DC0B48D229EDF53A0092DFF0 /* test1.jpeg */ = {isa = PBXFileReference; lastKnownFileType = image.jpeg; path = test1.jpeg; sourceTree = SOURCE_ROOT; };
		DC0B48D329EDF53A0092DFF0 /* test0.jpeg */ = {isa = PBXFileReference; lastKnownFileType = image.jpeg; path = test0.jpeg; sourceTree = SOURCE_ROOT; };
		DC0B48D429EDF53A0092DFF0 /* test2.jpeg */ = {isa = PBXFileReference; lastKnownFileType = image.jpeg; path = test2.jpeg; sourceTree = SOURCE_ROOT; };
		FF050D7329212FC20070C5E7 /* Splash_Screen.swift */ = {isa = PBXFileReference; lastKnownFileType = sourcecode.swift; path = Splash_Screen.swift; sourceTree = "<group>"; };
		FF1EC68428FC8316003CA9C5 /* Show_All.swift */ = {isa = PBXFileReference; lastKnownFileType = sourcecode.swift; path = Show_All.swift; sourceTree = "<group>"; };
		FF1EC68628FC8AB0003CA9C5 /* Search.swift */ = {isa = PBXFileReference; lastKnownFileType = sourcecode.swift; path = Search.swift; sourceTree = "<group>"; };
		FF211C8F28F89E9C0043B5E8 /* LEGO Brick Finder.app */ = {isa = PBXFileReference; explicitFileType = wrapper.application; includeInIndex = 0; path = "LEGO Brick Finder.app"; sourceTree = BUILT_PRODUCTS_DIR; };
		FF211C9228F89E9D0043B5E8 /* LEGO_Brick_FinderApp.swift */ = {isa = PBXFileReference; lastKnownFileType = sourcecode.swift; path = LEGO_Brick_FinderApp.swift; sourceTree = "<group>"; };
		FF211C9428F89E9D0043B5E8 /* ContentView.swift */ = {isa = PBXFileReference; lastKnownFileType = sourcecode.swift; path = ContentView.swift; sourceTree = "<group>"; };
		FF211C9628F89E9E0043B5E8 /* Assets.xcassets */ = {isa = PBXFileReference; lastKnownFileType = folder.assetcatalog; path = Assets.xcassets; sourceTree = "<group>"; };
		FF211C9928F89E9E0043B5E8 /* Preview Assets.xcassets */ = {isa = PBXFileReference; lastKnownFileType = folder.assetcatalog; path = "Preview Assets.xcassets"; sourceTree = "<group>"; };
		FF211C9F28F89E9F0043B5E8 /* LEGO Brick FinderTests.xctest */ = {isa = PBXFileReference; explicitFileType = wrapper.cfbundle; includeInIndex = 0; path = "LEGO Brick FinderTests.xctest"; sourceTree = BUILT_PRODUCTS_DIR; };
		FF211CA328F89E9F0043B5E8 /* LEGO_Brick_FinderTests.swift */ = {isa = PBXFileReference; lastKnownFileType = sourcecode.swift; path = LEGO_Brick_FinderTests.swift; sourceTree = "<group>"; };
		FF211CA928F89E9F0043B5E8 /* LEGO Brick FinderUITests.xctest */ = {isa = PBXFileReference; explicitFileType = wrapper.cfbundle; includeInIndex = 0; path = "LEGO Brick FinderUITests.xctest"; sourceTree = BUILT_PRODUCTS_DIR; };
		FF211CAD28F89E9F0043B5E8 /* LEGO_Brick_FinderUITests.swift */ = {isa = PBXFileReference; lastKnownFileType = sourcecode.swift; path = LEGO_Brick_FinderUITests.swift; sourceTree = "<group>"; };
		FF211CAF28F89E9F0043B5E8 /* LEGO_Brick_FinderUITestsLaunchTests.swift */ = {isa = PBXFileReference; lastKnownFileType = sourcecode.swift; path = LEGO_Brick_FinderUITestsLaunchTests.swift; sourceTree = "<group>"; };
		FF43B9C2299C41DD000857FB /* ImagePicker.swift */ = {isa = PBXFileReference; lastKnownFileType = sourcecode.swift; path = ImagePicker.swift; sourceTree = "<group>"; };
		FFE787DD29EF16F900149EDC /* Lego_Color.swift */ = {isa = PBXFileReference; fileEncoding = 4; lastKnownFileType = sourcecode.swift; path = Lego_Color.swift; sourceTree = "<group>"; };
		FFE787E329EF188E00149EDC /* Sampled_Colors.csv */ = {isa = PBXFileReference; fileEncoding = 4; lastKnownFileType = text; path = Sampled_Colors.csv; sourceTree = "<group>"; };
		FFE787E929EF19F600149EDC /* Color_Detection.swift */ = {isa = PBXFileReference; lastKnownFileType = sourcecode.swift; name = Color_Detection.swift; path = ../Color_Detection.swift; sourceTree = "<group>"; };
		FFE787EB29EF1A5500149EDC /* Lego_Color_Collection.swift */ = {isa = PBXFileReference; lastKnownFileType = sourcecode.swift; path = Lego_Color_Collection.swift; sourceTree = "<group>"; };
		FFF8B22528FB2193005EA167 /* Capture_Image.swift */ = {isa = PBXFileReference; lastKnownFileType = sourcecode.swift; path = Capture_Image.swift; sourceTree = "<group>"; };
		FFF8B22728FB2F25005EA167 /* Upload_Image.swift */ = {isa = PBXFileReference; lastKnownFileType = sourcecode.swift; path = Upload_Image.swift; sourceTree = "<group>"; };
		FFF8B22928FB4152005EA167 /* Image_Processing.swift */ = {isa = PBXFileReference; lastKnownFileType = sourcecode.swift; path = Image_Processing.swift; sourceTree = "<group>"; };
		FFF8B22D28FB440E005EA167 /* Result_Screen.swift */ = {isa = PBXFileReference; lastKnownFileType = sourcecode.swift; path = Result_Screen.swift; sourceTree = "<group>"; };
/* End PBXFileReference section */

/* Begin PBXFrameworksBuildPhase section */
		FF211C8C28F89E9C0043B5E8 /* Frameworks */ = {
			isa = PBXFrameworksBuildPhase;
			buildActionMask = 2147483647;
			files = (
				EA3DFF0385A74444452E0AC2 /* Pods_LEGO_Brick_Finder.framework in Frameworks */,
			);
			runOnlyForDeploymentPostprocessing = 0;
		};
		FF211C9C28F89E9F0043B5E8 /* Frameworks */ = {
			isa = PBXFrameworksBuildPhase;
			buildActionMask = 2147483647;
			files = (
				86100F7BF94ED0AADE36BFB9 /* Pods_LEGO_Brick_FinderTests.framework in Frameworks */,
			);
			runOnlyForDeploymentPostprocessing = 0;
		};
		FF211CA628F89E9F0043B5E8 /* Frameworks */ = {
			isa = PBXFrameworksBuildPhase;
			buildActionMask = 2147483647;
			files = (
				54CC2EC931B6E922908992D9 /* Pods_LEGO_Brick_Finder_LEGO_Brick_FinderUITests.framework in Frameworks */,
			);
			runOnlyForDeploymentPostprocessing = 0;
		};
/* End PBXFrameworksBuildPhase section */

/* Begin PBXGroup section */
		15386D0C4569F69B3451434A /* Frameworks */ = {
			isa = PBXGroup;
			children = (
				597547FC2CDE633591A774EC /* Pods_LEGO_Brick_Finder.framework */,
				153BA881C5F98F881E218796 /* Pods_LEGO_Brick_Finder_LEGO_Brick_FinderUITests.framework */,
				42360BF61EB7B2DC93204152 /* Pods_LEGO_Brick_FinderTests.framework */,
			);
			name = Frameworks;
			sourceTree = "<group>";
		};
		2457402B29488D7900F4DB62 /* Models */ = {
			isa = PBXGroup;
			children = (
				DC0B48CF29EDF4A20092DFF0 /* automl20_447.tflite */,
				DC0B48CE29EDF4A20092DFF0 /* model8.tflite */,
				2457403129488D7900F4DB62 /* efficientnet_lite0.tflite */,
			);
			path = Models;
			sourceTree = "<group>";
		};
		57806C8D8E70E09C9936520E /* Pods */ = {
			isa = PBXGroup;
			children = (
				38A631D4D7AB106C28AE628F /* Pods-LEGO Brick Finder.debug.xcconfig */,
				14C59221CE7CCC4FDAB33410 /* Pods-LEGO Brick Finder.release.xcconfig */,
				239809454ADB6CB55403013F /* Pods-LEGO Brick Finder-LEGO Brick FinderUITests.debug.xcconfig */,
				7CC17E30782401E0FA09311B /* Pods-LEGO Brick Finder-LEGO Brick FinderUITests.release.xcconfig */,
				7E343262F9BF669FCFF6DC7A /* Pods-LEGO Brick FinderTests.debug.xcconfig */,
				55DD2620B972C9743A3D2983 /* Pods-LEGO Brick FinderTests.release.xcconfig */,
			);
			path = Pods;
			sourceTree = "<group>";
		};
		FF211C8628F89E9C0043B5E8 = {
			isa = PBXGroup;
			children = (
				FF211C9128F89E9C0043B5E8 /* LEGO Brick Finder */,
				FF211CA228F89E9F0043B5E8 /* LEGO Brick FinderTests */,
				FF211CAC28F89E9F0043B5E8 /* LEGO Brick FinderUITests */,
				FF211C9028F89E9C0043B5E8 /* Products */,
				57806C8D8E70E09C9936520E /* Pods */,
				15386D0C4569F69B3451434A /* Frameworks */,
			);
			sourceTree = "<group>";
		};
		FF211C9028F89E9C0043B5E8 /* Products */ = {
			isa = PBXGroup;
			children = (
				FF211C8F28F89E9C0043B5E8 /* LEGO Brick Finder.app */,
				FF211C9F28F89E9F0043B5E8 /* LEGO Brick FinderTests.xctest */,
				FF211CA928F89E9F0043B5E8 /* LEGO Brick FinderUITests.xctest */,
			);
			name = Products;
			sourceTree = "<group>";
		};
		FF211C9128F89E9C0043B5E8 /* LEGO Brick Finder */ = {
			isa = PBXGroup;
			children = (
				FF211C9228F89E9D0043B5E8 /* LEGO_Brick_FinderApp.swift */,
				FF050D7329212FC20070C5E7 /* Splash_Screen.swift */,
				FF211C9428F89E9D0043B5E8 /* ContentView.swift */,
				FFF8B22528FB2193005EA167 /* Capture_Image.swift */,
				FFE787E929EF19F600149EDC /* Color_Detection.swift */,
				FFE787EB29EF1A5500149EDC /* Lego_Color_Collection.swift */,
				FFE787DD29EF16F900149EDC /* Lego_Color.swift */,
				FFE787E329EF188E00149EDC /* Sampled_Colors.csv */,
				FFF8B22728FB2F25005EA167 /* Upload_Image.swift */,
				FF43B9C2299C41DD000857FB /* ImagePicker.swift */,
				FF1EC68628FC8AB0003CA9C5 /* Search.swift */,
				FF1EC68428FC8316003CA9C5 /* Show_All.swift */,
				FFF8B22D28FB440E005EA167 /* Result_Screen.swift */,
				FFF8B22928FB4152005EA167 /* Image_Processing.swift */,
				DC0B48D329EDF53A0092DFF0 /* test0.jpeg */,
				DC0B48D229EDF53A0092DFF0 /* test1.jpeg */,
				DC0B48D429EDF53A0092DFF0 /* test2.jpeg */,
				2457402B29488D7900F4DB62 /* Models */,
				FF211C9628F89E9E0043B5E8 /* Assets.xcassets */,
				FF211C9828F89E9E0043B5E8 /* Preview Content */,
			);
			path = "LEGO Brick Finder";
			sourceTree = "<group>";
		};
		FF211C9828F89E9E0043B5E8 /* Preview Content */ = {
			isa = PBXGroup;
			children = (
				FF211C9928F89E9E0043B5E8 /* Preview Assets.xcassets */,
			);
			path = "Preview Content";
			sourceTree = "<group>";
		};
		FF211CA228F89E9F0043B5E8 /* LEGO Brick FinderTests */ = {
			isa = PBXGroup;
			children = (
				FF211CA328F89E9F0043B5E8 /* LEGO_Brick_FinderTests.swift */,
			);
			path = "LEGO Brick FinderTests";
			sourceTree = "<group>";
		};
		FF211CAC28F89E9F0043B5E8 /* LEGO Brick FinderUITests */ = {
			isa = PBXGroup;
			children = (
				FF211CAD28F89E9F0043B5E8 /* LEGO_Brick_FinderUITests.swift */,
				FF211CAF28F89E9F0043B5E8 /* LEGO_Brick_FinderUITestsLaunchTests.swift */,
			);
			path = "LEGO Brick FinderUITests";
			sourceTree = "<group>";
		};
/* End PBXGroup section */

/* Begin PBXNativeTarget section */
		FF211C8E28F89E9C0043B5E8 /* LEGO Brick Finder */ = {
			isa = PBXNativeTarget;
			buildConfigurationList = FF211CB328F89E9F0043B5E8 /* Build configuration list for PBXNativeTarget "LEGO Brick Finder" */;
			buildPhases = (
				DB16EAF1893DB0F1D6832CD9 /* [CP] Check Pods Manifest.lock */,
				FF211C8B28F89E9C0043B5E8 /* Sources */,
				FF211C8C28F89E9C0043B5E8 /* Frameworks */,
				FF211C8D28F89E9C0043B5E8 /* Resources */,
			);
			buildRules = (
			);
			dependencies = (
			);
			name = "LEGO Brick Finder";
			productName = "LEGO Brick Finder";
			productReference = FF211C8F28F89E9C0043B5E8 /* LEGO Brick Finder.app */;
			productType = "com.apple.product-type.application";
		};
		FF211C9E28F89E9F0043B5E8 /* LEGO Brick FinderTests */ = {
			isa = PBXNativeTarget;
			buildConfigurationList = FF211CB628F89E9F0043B5E8 /* Build configuration list for PBXNativeTarget "LEGO Brick FinderTests" */;
			buildPhases = (
				E2A8404DB3DF50D0F577350F /* [CP] Check Pods Manifest.lock */,
				FF211C9B28F89E9F0043B5E8 /* Sources */,
				FF211C9C28F89E9F0043B5E8 /* Frameworks */,
				FF211C9D28F89E9F0043B5E8 /* Resources */,
			);
			buildRules = (
			);
			dependencies = (
				FF211CA128F89E9F0043B5E8 /* PBXTargetDependency */,
			);
			name = "LEGO Brick FinderTests";
			productName = "LEGO Brick FinderTests";
			productReference = FF211C9F28F89E9F0043B5E8 /* LEGO Brick FinderTests.xctest */;
			productType = "com.apple.product-type.bundle.unit-test";
		};
		FF211CA828F89E9F0043B5E8 /* LEGO Brick FinderUITests */ = {
			isa = PBXNativeTarget;
			buildConfigurationList = FF211CB928F89E9F0043B5E8 /* Build configuration list for PBXNativeTarget "LEGO Brick FinderUITests" */;
			buildPhases = (
				4524CE03AECFCFDC1D7F13CE /* [CP] Check Pods Manifest.lock */,
				FF211CA528F89E9F0043B5E8 /* Sources */,
				FF211CA628F89E9F0043B5E8 /* Frameworks */,
				FF211CA728F89E9F0043B5E8 /* Resources */,
			);
			buildRules = (
			);
			dependencies = (
				FF211CAB28F89E9F0043B5E8 /* PBXTargetDependency */,
			);
			name = "LEGO Brick FinderUITests";
			productName = "LEGO Brick FinderUITests";
			productReference = FF211CA928F89E9F0043B5E8 /* LEGO Brick FinderUITests.xctest */;
			productType = "com.apple.product-type.bundle.ui-testing";
		};
/* End PBXNativeTarget section */

/* Begin PBXProject section */
		FF211C8728F89E9C0043B5E8 /* Project object */ = {
			isa = PBXProject;
			attributes = {
				BuildIndependentTargetsInParallel = 1;
				LastSwiftUpdateCheck = 1400;
				LastUpgradeCheck = 1400;
				TargetAttributes = {
					FF211C8E28F89E9C0043B5E8 = {
						CreatedOnToolsVersion = 14.0.1;
					};
					FF211C9E28F89E9F0043B5E8 = {
						CreatedOnToolsVersion = 14.0.1;
						TestTargetID = FF211C8E28F89E9C0043B5E8;
					};
					FF211CA828F89E9F0043B5E8 = {
						CreatedOnToolsVersion = 14.0.1;
						TestTargetID = FF211C8E28F89E9C0043B5E8;
					};
				};
			};
			buildConfigurationList = FF211C8A28F89E9C0043B5E8 /* Build configuration list for PBXProject "LEGO Brick Finder" */;
			compatibilityVersion = "Xcode 14.0";
			developmentRegion = en;
			hasScannedForEncodings = 0;
			knownRegions = (
				en,
				Base,
			);
			mainGroup = FF211C8628F89E9C0043B5E8;
			productRefGroup = FF211C9028F89E9C0043B5E8 /* Products */;
			projectDirPath = "";
			projectRoot = "";
			targets = (
				FF211C8E28F89E9C0043B5E8 /* LEGO Brick Finder */,
				FF211C9E28F89E9F0043B5E8 /* LEGO Brick FinderTests */,
				FF211CA828F89E9F0043B5E8 /* LEGO Brick FinderUITests */,
			);
		};
/* End PBXProject section */

/* Begin PBXResourcesBuildPhase section */
		FF211C8D28F89E9C0043B5E8 /* Resources */ = {
			isa = PBXResourcesBuildPhase;
			buildActionMask = 2147483647;
			files = (
				DC0B48D729EDF53A0092DFF0 /* test2.jpeg in Resources */,
				DC0B48D029EDF4A20092DFF0 /* model8.tflite in Resources */,
				FFE787E429EF188E00149EDC /* Sampled_Colors.csv in Resources */,
				DC0B48D629EDF53A0092DFF0 /* test0.jpeg in Resources */,
				FF211C9A28F89E9E0043B5E8 /* Preview Assets.xcassets in Resources */,
				DC0B48D129EDF4A20092DFF0 /* automl20_447.tflite in Resources */,
				2457403729488D7900F4DB62 /* efficientnet_lite0.tflite in Resources */,
				FF211C9728F89E9E0043B5E8 /* Assets.xcassets in Resources */,
				DC0B48D529EDF53A0092DFF0 /* test1.jpeg in Resources */,
			);
			runOnlyForDeploymentPostprocessing = 0;
		};
		FF211C9D28F89E9F0043B5E8 /* Resources */ = {
			isa = PBXResourcesBuildPhase;
			buildActionMask = 2147483647;
			files = (
			);
			runOnlyForDeploymentPostprocessing = 0;
		};
		FF211CA728F89E9F0043B5E8 /* Resources */ = {
			isa = PBXResourcesBuildPhase;
			buildActionMask = 2147483647;
			files = (
			);
			runOnlyForDeploymentPostprocessing = 0;
		};
/* End PBXResourcesBuildPhase section */

/* Begin PBXShellScriptBuildPhase section */
		4524CE03AECFCFDC1D7F13CE /* [CP] Check Pods Manifest.lock */ = {
			isa = PBXShellScriptBuildPhase;
			buildActionMask = 2147483647;
			files = (
			);
			inputFileListPaths = (
			);
			inputPaths = (
				"${PODS_PODFILE_DIR_PATH}/Podfile.lock",
				"${PODS_ROOT}/Manifest.lock",
			);
			name = "[CP] Check Pods Manifest.lock";
			outputFileListPaths = (
			);
			outputPaths = (
				"$(DERIVED_FILE_DIR)/Pods-LEGO Brick Finder-LEGO Brick FinderUITests-checkManifestLockResult.txt",
			);
			runOnlyForDeploymentPostprocessing = 0;
			shellPath = /bin/sh;
			shellScript = "diff \"${PODS_PODFILE_DIR_PATH}/Podfile.lock\" \"${PODS_ROOT}/Manifest.lock\" > /dev/null\nif [ $? != 0 ] ; then\n    # print error to STDERR\n    echo \"error: The sandbox is not in sync with the Podfile.lock. Run 'pod install' or update your CocoaPods installation.\" >&2\n    exit 1\nfi\n# This output is used by Xcode 'outputs' to avoid re-running this script phase.\necho \"SUCCESS\" > \"${SCRIPT_OUTPUT_FILE_0}\"\n";
			showEnvVarsInLog = 0;
		};
		DB16EAF1893DB0F1D6832CD9 /* [CP] Check Pods Manifest.lock */ = {
			isa = PBXShellScriptBuildPhase;
			buildActionMask = 2147483647;
			files = (
			);
			inputFileListPaths = (
			);
			inputPaths = (
				"${PODS_PODFILE_DIR_PATH}/Podfile.lock",
				"${PODS_ROOT}/Manifest.lock",
			);
			name = "[CP] Check Pods Manifest.lock";
			outputFileListPaths = (
			);
			outputPaths = (
				"$(DERIVED_FILE_DIR)/Pods-LEGO Brick Finder-checkManifestLockResult.txt",
			);
			runOnlyForDeploymentPostprocessing = 0;
			shellPath = /bin/sh;
			shellScript = "diff \"${PODS_PODFILE_DIR_PATH}/Podfile.lock\" \"${PODS_ROOT}/Manifest.lock\" > /dev/null\nif [ $? != 0 ] ; then\n    # print error to STDERR\n    echo \"error: The sandbox is not in sync with the Podfile.lock. Run 'pod install' or update your CocoaPods installation.\" >&2\n    exit 1\nfi\n# This output is used by Xcode 'outputs' to avoid re-running this script phase.\necho \"SUCCESS\" > \"${SCRIPT_OUTPUT_FILE_0}\"\n";
			showEnvVarsInLog = 0;
		};
		E2A8404DB3DF50D0F577350F /* [CP] Check Pods Manifest.lock */ = {
			isa = PBXShellScriptBuildPhase;
			buildActionMask = 2147483647;
			files = (
			);
			inputFileListPaths = (
			);
			inputPaths = (
				"${PODS_PODFILE_DIR_PATH}/Podfile.lock",
				"${PODS_ROOT}/Manifest.lock",
			);
			name = "[CP] Check Pods Manifest.lock";
			outputFileListPaths = (
			);
			outputPaths = (
				"$(DERIVED_FILE_DIR)/Pods-LEGO Brick FinderTests-checkManifestLockResult.txt",
			);
			runOnlyForDeploymentPostprocessing = 0;
			shellPath = /bin/sh;
			shellScript = "diff \"${PODS_PODFILE_DIR_PATH}/Podfile.lock\" \"${PODS_ROOT}/Manifest.lock\" > /dev/null\nif [ $? != 0 ] ; then\n    # print error to STDERR\n    echo \"error: The sandbox is not in sync with the Podfile.lock. Run 'pod install' or update your CocoaPods installation.\" >&2\n    exit 1\nfi\n# This output is used by Xcode 'outputs' to avoid re-running this script phase.\necho \"SUCCESS\" > \"${SCRIPT_OUTPUT_FILE_0}\"\n";
			showEnvVarsInLog = 0;
		};
/* End PBXShellScriptBuildPhase section */

/* Begin PBXSourcesBuildPhase section */
		FF211C8B28F89E9C0043B5E8 /* Sources */ = {
			isa = PBXSourcesBuildPhase;
			buildActionMask = 2147483647;
			files = (
				FFF8B22E28FB440E005EA167 /* Result_Screen.swift in Sources */,
				FF050D7429212FC20070C5E7 /* Splash_Screen.swift in Sources */,
				FFF8B22828FB2F25005EA167 /* Upload_Image.swift in Sources */,
				FFF8B22628FB2193005EA167 /* Capture_Image.swift in Sources */,
				FF211C9528F89E9D0043B5E8 /* ContentView.swift in Sources */,
				FFE787E029EF16F900149EDC /* Lego_Color.swift in Sources */,
				FFF8B22A28FB4152005EA167 /* Image_Processing.swift in Sources */,
				FFE787EC29EF1A5500149EDC /* Lego_Color_Collection.swift in Sources */,
				FF1EC68728FC8AB0003CA9C5 /* Search.swift in Sources */,
				FF43B9C3299C41DD000857FB /* ImagePicker.swift in Sources */,
				FFE787EA29EF19F600149EDC /* Color_Detection.swift in Sources */,
				FF211C9328F89E9D0043B5E8 /* LEGO_Brick_FinderApp.swift in Sources */,
				FF1EC68528FC8316003CA9C5 /* Show_All.swift in Sources */,
			);
			runOnlyForDeploymentPostprocessing = 0;
		};
		FF211C9B28F89E9F0043B5E8 /* Sources */ = {
			isa = PBXSourcesBuildPhase;
			buildActionMask = 2147483647;
			files = (
				FF211CA428F89E9F0043B5E8 /* LEGO_Brick_FinderTests.swift in Sources */,
			);
			runOnlyForDeploymentPostprocessing = 0;
		};
		FF211CA528F89E9F0043B5E8 /* Sources */ = {
			isa = PBXSourcesBuildPhase;
			buildActionMask = 2147483647;
			files = (
				FF211CAE28F89E9F0043B5E8 /* LEGO_Brick_FinderUITests.swift in Sources */,
				FF211CB028F89E9F0043B5E8 /* LEGO_Brick_FinderUITestsLaunchTests.swift in Sources */,
			);
			runOnlyForDeploymentPostprocessing = 0;
		};
/* End PBXSourcesBuildPhase section */

/* Begin PBXTargetDependency section */
		FF211CA128F89E9F0043B5E8 /* PBXTargetDependency */ = {
			isa = PBXTargetDependency;
			target = FF211C8E28F89E9C0043B5E8 /* LEGO Brick Finder */;
			targetProxy = FF211CA028F89E9F0043B5E8 /* PBXContainerItemProxy */;
		};
		FF211CAB28F89E9F0043B5E8 /* PBXTargetDependency */ = {
			isa = PBXTargetDependency;
			target = FF211C8E28F89E9C0043B5E8 /* LEGO Brick Finder */;
			targetProxy = FF211CAA28F89E9F0043B5E8 /* PBXContainerItemProxy */;
		};
/* End PBXTargetDependency section */

/* Begin XCBuildConfiguration section */
		FF211CB128F89E9F0043B5E8 /* Debug */ = {
			isa = XCBuildConfiguration;
			buildSettings = {
				ALWAYS_SEARCH_USER_PATHS = NO;
				CLANG_ANALYZER_NONNULL = YES;
				CLANG_ANALYZER_NUMBER_OBJECT_CONVERSION = YES_AGGRESSIVE;
				CLANG_CXX_LANGUAGE_STANDARD = "gnu++20";
				CLANG_ENABLE_MODULES = YES;
				CLANG_ENABLE_OBJC_ARC = YES;
				CLANG_ENABLE_OBJC_WEAK = YES;
				CLANG_WARN_BLOCK_CAPTURE_AUTORELEASING = YES;
				CLANG_WARN_BOOL_CONVERSION = YES;
				CLANG_WARN_COMMA = YES;
				CLANG_WARN_CONSTANT_CONVERSION = YES;
				CLANG_WARN_DEPRECATED_OBJC_IMPLEMENTATIONS = YES;
				CLANG_WARN_DIRECT_OBJC_ISA_USAGE = YES_ERROR;
				CLANG_WARN_DOCUMENTATION_COMMENTS = YES;
				CLANG_WARN_EMPTY_BODY = YES;
				CLANG_WARN_ENUM_CONVERSION = YES;
				CLANG_WARN_INFINITE_RECURSION = YES;
				CLANG_WARN_INT_CONVERSION = YES;
				CLANG_WARN_NON_LITERAL_NULL_CONVERSION = YES;
				CLANG_WARN_OBJC_IMPLICIT_RETAIN_SELF = YES;
				CLANG_WARN_OBJC_LITERAL_CONVERSION = YES;
				CLANG_WARN_OBJC_ROOT_CLASS = YES_ERROR;
				CLANG_WARN_QUOTED_INCLUDE_IN_FRAMEWORK_HEADER = YES;
				CLANG_WARN_RANGE_LOOP_ANALYSIS = YES;
				CLANG_WARN_STRICT_PROTOTYPES = YES;
				CLANG_WARN_SUSPICIOUS_MOVE = YES;
				CLANG_WARN_UNGUARDED_AVAILABILITY = YES_AGGRESSIVE;
				CLANG_WARN_UNREACHABLE_CODE = YES;
				CLANG_WARN__DUPLICATE_METHOD_MATCH = YES;
				COPY_PHASE_STRIP = NO;
				DEBUG_INFORMATION_FORMAT = dwarf;
				ENABLE_STRICT_OBJC_MSGSEND = YES;
				ENABLE_TESTABILITY = YES;
				GCC_C_LANGUAGE_STANDARD = gnu11;
				GCC_DYNAMIC_NO_PIC = NO;
				GCC_NO_COMMON_BLOCKS = YES;
				GCC_OPTIMIZATION_LEVEL = 0;
				GCC_PREPROCESSOR_DEFINITIONS = (
					"DEBUG=1",
					"$(inherited)",
				);
				GCC_WARN_64_TO_32_BIT_CONVERSION = YES;
				GCC_WARN_ABOUT_RETURN_TYPE = YES_ERROR;
				GCC_WARN_UNDECLARED_SELECTOR = YES;
				GCC_WARN_UNINITIALIZED_AUTOS = YES_AGGRESSIVE;
				GCC_WARN_UNUSED_FUNCTION = YES;
				GCC_WARN_UNUSED_VARIABLE = YES;
				IPHONEOS_DEPLOYMENT_TARGET = 16.0;
				MTL_ENABLE_DEBUG_INFO = INCLUDE_SOURCE;
				MTL_FAST_MATH = YES;
				ONLY_ACTIVE_ARCH = YES;
				SDKROOT = iphoneos;
				SWIFT_ACTIVE_COMPILATION_CONDITIONS = DEBUG;
				SWIFT_OPTIMIZATION_LEVEL = "-Onone";
			};
			name = Debug;
		};
		FF211CB228F89E9F0043B5E8 /* Release */ = {
			isa = XCBuildConfiguration;
			buildSettings = {
				ALWAYS_SEARCH_USER_PATHS = NO;
				CLANG_ANALYZER_NONNULL = YES;
				CLANG_ANALYZER_NUMBER_OBJECT_CONVERSION = YES_AGGRESSIVE;
				CLANG_CXX_LANGUAGE_STANDARD = "gnu++20";
				CLANG_ENABLE_MODULES = YES;
				CLANG_ENABLE_OBJC_ARC = YES;
				CLANG_ENABLE_OBJC_WEAK = YES;
				CLANG_WARN_BLOCK_CAPTURE_AUTORELEASING = YES;
				CLANG_WARN_BOOL_CONVERSION = YES;
				CLANG_WARN_COMMA = YES;
				CLANG_WARN_CONSTANT_CONVERSION = YES;
				CLANG_WARN_DEPRECATED_OBJC_IMPLEMENTATIONS = YES;
				CLANG_WARN_DIRECT_OBJC_ISA_USAGE = YES_ERROR;
				CLANG_WARN_DOCUMENTATION_COMMENTS = YES;
				CLANG_WARN_EMPTY_BODY = YES;
				CLANG_WARN_ENUM_CONVERSION = YES;
				CLANG_WARN_INFINITE_RECURSION = YES;
				CLANG_WARN_INT_CONVERSION = YES;
				CLANG_WARN_NON_LITERAL_NULL_CONVERSION = YES;
				CLANG_WARN_OBJC_IMPLICIT_RETAIN_SELF = YES;
				CLANG_WARN_OBJC_LITERAL_CONVERSION = YES;
				CLANG_WARN_OBJC_ROOT_CLASS = YES_ERROR;
				CLANG_WARN_QUOTED_INCLUDE_IN_FRAMEWORK_HEADER = YES;
				CLANG_WARN_RANGE_LOOP_ANALYSIS = YES;
				CLANG_WARN_STRICT_PROTOTYPES = YES;
				CLANG_WARN_SUSPICIOUS_MOVE = YES;
				CLANG_WARN_UNGUARDED_AVAILABILITY = YES_AGGRESSIVE;
				CLANG_WARN_UNREACHABLE_CODE = YES;
				CLANG_WARN__DUPLICATE_METHOD_MATCH = YES;
				COPY_PHASE_STRIP = NO;
				DEBUG_INFORMATION_FORMAT = "dwarf-with-dsym";
				ENABLE_NS_ASSERTIONS = NO;
				ENABLE_STRICT_OBJC_MSGSEND = YES;
				GCC_C_LANGUAGE_STANDARD = gnu11;
				GCC_NO_COMMON_BLOCKS = YES;
				GCC_WARN_64_TO_32_BIT_CONVERSION = YES;
				GCC_WARN_ABOUT_RETURN_TYPE = YES_ERROR;
				GCC_WARN_UNDECLARED_SELECTOR = YES;
				GCC_WARN_UNINITIALIZED_AUTOS = YES_AGGRESSIVE;
				GCC_WARN_UNUSED_FUNCTION = YES;
				GCC_WARN_UNUSED_VARIABLE = YES;
				IPHONEOS_DEPLOYMENT_TARGET = 16.0;
				MTL_ENABLE_DEBUG_INFO = NO;
				MTL_FAST_MATH = YES;
				SDKROOT = iphoneos;
				SWIFT_COMPILATION_MODE = wholemodule;
				SWIFT_OPTIMIZATION_LEVEL = "-O";
				VALIDATE_PRODUCT = YES;
			};
			name = Release;
		};
		FF211CB428F89E9F0043B5E8 /* Debug */ = {
			isa = XCBuildConfiguration;
			baseConfigurationReference = 38A631D4D7AB106C28AE628F /* Pods-LEGO Brick Finder.debug.xcconfig */;
			buildSettings = {
				ASSETCATALOG_COMPILER_APPICON_NAME = AppIcon;
				ASSETCATALOG_COMPILER_GLOBAL_ACCENT_COLOR_NAME = AccentColor;
				CODE_SIGN_STYLE = Automatic;
				CURRENT_PROJECT_VERSION = 1;
				DEVELOPMENT_ASSET_PATHS = "\"LEGO Brick Finder/Preview Content\"";
				DEVELOPMENT_TEAM = M57S9JU6M8;
				ENABLE_PREVIEWS = YES;
				"EXCLUDED_ARCHS[sdk=iphonesimulator*]" = arm64;
				GENERATE_INFOPLIST_FILE = YES;
				INFOPLIST_KEY_NSCameraUsageDescription = "$(PRODUCT_NAME) camera use";
				INFOPLIST_KEY_NSPhotoLibraryUsageDescription = "$(PRODUCT_NAME) photo use";
				INFOPLIST_KEY_UIApplicationSceneManifest_Generation = YES;
				INFOPLIST_KEY_UIApplicationSupportsIndirectInputEvents = YES;
				INFOPLIST_KEY_UILaunchScreen_Generation = YES;
				INFOPLIST_KEY_UISupportedInterfaceOrientations_iPad = "UIInterfaceOrientationPortrait UIInterfaceOrientationPortraitUpsideDown UIInterfaceOrientationLandscapeLeft UIInterfaceOrientationLandscapeRight";
				INFOPLIST_KEY_UISupportedInterfaceOrientations_iPhone = "UIInterfaceOrientationPortrait UIInterfaceOrientationLandscapeLeft UIInterfaceOrientationLandscapeRight";
				LD_RUNPATH_SEARCH_PATHS = (
					"$(inherited)",
					"@executable_path/Frameworks",
				);
				MARKETING_VERSION = 1.0;
				ONLY_ACTIVE_ARCH = YES;
				PRODUCT_BUNDLE_IDENTIFIER = "UNT.LEGO-Brick-Finder";
				PRODUCT_NAME = "$(TARGET_NAME)";
				SWIFT_EMIT_LOC_STRINGS = YES;
				SWIFT_VERSION = 5.0;
				TARGETED_DEVICE_FAMILY = "1,2";
			};
			name = Debug;
		};
		FF211CB528F89E9F0043B5E8 /* Release */ = {
			isa = XCBuildConfiguration;
			baseConfigurationReference = 14C59221CE7CCC4FDAB33410 /* Pods-LEGO Brick Finder.release.xcconfig */;
			buildSettings = {
				ASSETCATALOG_COMPILER_APPICON_NAME = AppIcon;
				ASSETCATALOG_COMPILER_GLOBAL_ACCENT_COLOR_NAME = AccentColor;
				CODE_SIGN_STYLE = Automatic;
				CURRENT_PROJECT_VERSION = 1;
				DEVELOPMENT_ASSET_PATHS = "\"LEGO Brick Finder/Preview Content\"";
				DEVELOPMENT_TEAM = M57S9JU6M8;
				ENABLE_PREVIEWS = YES;
				GENERATE_INFOPLIST_FILE = YES;
				INFOPLIST_KEY_NSCameraUsageDescription = "$(PRODUCT_NAME) camera use";
				INFOPLIST_KEY_NSPhotoLibraryUsageDescription = "$(PRODUCT_NAME) photo use";
				INFOPLIST_KEY_UIApplicationSceneManifest_Generation = YES;
				INFOPLIST_KEY_UIApplicationSupportsIndirectInputEvents = YES;
				INFOPLIST_KEY_UILaunchScreen_Generation = YES;
				INFOPLIST_KEY_UISupportedInterfaceOrientations_iPad = "UIInterfaceOrientationPortrait UIInterfaceOrientationPortraitUpsideDown UIInterfaceOrientationLandscapeLeft UIInterfaceOrientationLandscapeRight";
				INFOPLIST_KEY_UISupportedInterfaceOrientations_iPhone = "UIInterfaceOrientationPortrait UIInterfaceOrientationLandscapeLeft UIInterfaceOrientationLandscapeRight";
				LD_RUNPATH_SEARCH_PATHS = (
					"$(inherited)",
					"@executable_path/Frameworks",
				);
				MARKETING_VERSION = 1.0;
				ONLY_ACTIVE_ARCH = YES;
				PRODUCT_BUNDLE_IDENTIFIER = "UNT.LEGO-Brick-Finder";
				PRODUCT_NAME = "$(TARGET_NAME)";
				SWIFT_EMIT_LOC_STRINGS = YES;
				SWIFT_VERSION = 5.0;
				TARGETED_DEVICE_FAMILY = "1,2";
			};
			name = Release;
		};
		FF211CB728F89E9F0043B5E8 /* Debug */ = {
			isa = XCBuildConfiguration;
			baseConfigurationReference = 7E343262F9BF669FCFF6DC7A /* Pods-LEGO Brick FinderTests.debug.xcconfig */;
			buildSettings = {
				ALWAYS_EMBED_SWIFT_STANDARD_LIBRARIES = YES;
				BUNDLE_LOADER = "$(TEST_HOST)";
				CODE_SIGN_STYLE = Automatic;
				CURRENT_PROJECT_VERSION = 1;
				GENERATE_INFOPLIST_FILE = YES;
				IPHONEOS_DEPLOYMENT_TARGET = 16.0;
				MARKETING_VERSION = 1.0;
				PRODUCT_BUNDLE_IDENTIFIER = "UNT.LEGO-Brick-FinderTests";
				PRODUCT_NAME = "$(TARGET_NAME)";
				SWIFT_EMIT_LOC_STRINGS = NO;
				SWIFT_VERSION = 5.0;
				TARGETED_DEVICE_FAMILY = "1,2";
				TEST_HOST = "$(BUILT_PRODUCTS_DIR)/LEGO Brick Finder.app/$(BUNDLE_EXECUTABLE_FOLDER_PATH)/LEGO Brick Finder";
			};
			name = Debug;
		};
		FF211CB828F89E9F0043B5E8 /* Release */ = {
			isa = XCBuildConfiguration;
			baseConfigurationReference = 55DD2620B972C9743A3D2983 /* Pods-LEGO Brick FinderTests.release.xcconfig */;
			buildSettings = {
				ALWAYS_EMBED_SWIFT_STANDARD_LIBRARIES = YES;
				BUNDLE_LOADER = "$(TEST_HOST)";
				CODE_SIGN_STYLE = Automatic;
				CURRENT_PROJECT_VERSION = 1;
				GENERATE_INFOPLIST_FILE = YES;
				IPHONEOS_DEPLOYMENT_TARGET = 16.0;
				MARKETING_VERSION = 1.0;
				PRODUCT_BUNDLE_IDENTIFIER = "UNT.LEGO-Brick-FinderTests";
				PRODUCT_NAME = "$(TARGET_NAME)";
				SWIFT_EMIT_LOC_STRINGS = NO;
				SWIFT_VERSION = 5.0;
				TARGETED_DEVICE_FAMILY = "1,2";
				TEST_HOST = "$(BUILT_PRODUCTS_DIR)/LEGO Brick Finder.app/$(BUNDLE_EXECUTABLE_FOLDER_PATH)/LEGO Brick Finder";
			};
			name = Release;
		};
		FF211CBA28F89E9F0043B5E8 /* Debug */ = {
			isa = XCBuildConfiguration;
			baseConfigurationReference = 239809454ADB6CB55403013F /* Pods-LEGO Brick Finder-LEGO Brick FinderUITests.debug.xcconfig */;
			buildSettings = {
				ALWAYS_EMBED_SWIFT_STANDARD_LIBRARIES = YES;
				CODE_SIGN_STYLE = Automatic;
				CURRENT_PROJECT_VERSION = 1;
				GENERATE_INFOPLIST_FILE = YES;
				MARKETING_VERSION = 1.0;
				PRODUCT_BUNDLE_IDENTIFIER = "UNT.LEGO-Brick-FinderUITests";
				PRODUCT_NAME = "$(TARGET_NAME)";
				SWIFT_EMIT_LOC_STRINGS = NO;
				SWIFT_VERSION = 5.0;
				TARGETED_DEVICE_FAMILY = "1,2";
				TEST_TARGET_NAME = "LEGO Brick Finder";
			};
			name = Debug;
		};
		FF211CBB28F89E9F0043B5E8 /* Release */ = {
			isa = XCBuildConfiguration;
			baseConfigurationReference = 7CC17E30782401E0FA09311B /* Pods-LEGO Brick Finder-LEGO Brick FinderUITests.release.xcconfig */;
			buildSettings = {
				ALWAYS_EMBED_SWIFT_STANDARD_LIBRARIES = YES;
				CODE_SIGN_STYLE = Automatic;
				CURRENT_PROJECT_VERSION = 1;
				GENERATE_INFOPLIST_FILE = YES;
				MARKETING_VERSION = 1.0;
				PRODUCT_BUNDLE_IDENTIFIER = "UNT.LEGO-Brick-FinderUITests";
				PRODUCT_NAME = "$(TARGET_NAME)";
				SWIFT_EMIT_LOC_STRINGS = NO;
				SWIFT_VERSION = 5.0;
				TARGETED_DEVICE_FAMILY = "1,2";
				TEST_TARGET_NAME = "LEGO Brick Finder";
			};
			name = Release;
		};
/* End XCBuildConfiguration section */

/* Begin XCConfigurationList section */
		FF211C8A28F89E9C0043B5E8 /* Build configuration list for PBXProject "LEGO Brick Finder" */ = {
			isa = XCConfigurationList;
			buildConfigurations = (
				FF211CB128F89E9F0043B5E8 /* Debug */,
				FF211CB228F89E9F0043B5E8 /* Release */,
			);
			defaultConfigurationIsVisible = 0;
			defaultConfigurationName = Release;
		};
		FF211CB328F89E9F0043B5E8 /* Build configuration list for PBXNativeTarget "LEGO Brick Finder" */ = {
			isa = XCConfigurationList;
			buildConfigurations = (
				FF211CB428F89E9F0043B5E8 /* Debug */,
				FF211CB528F89E9F0043B5E8 /* Release */,
			);
			defaultConfigurationIsVisible = 0;
			defaultConfigurationName = Release;
		};
		FF211CB628F89E9F0043B5E8 /* Build configuration list for PBXNativeTarget "LEGO Brick FinderTests" */ = {
			isa = XCConfigurationList;
			buildConfigurations = (
				FF211CB728F89E9F0043B5E8 /* Debug */,
				FF211CB828F89E9F0043B5E8 /* Release */,
			);
			defaultConfigurationIsVisible = 0;
			defaultConfigurationName = Release;
		};
		FF211CB928F89E9F0043B5E8 /* Build configuration list for PBXNativeTarget "LEGO Brick FinderUITests" */ = {
			isa = XCConfigurationList;
			buildConfigurations = (
				FF211CBA28F89E9F0043B5E8 /* Debug */,
				FF211CBB28F89E9F0043B5E8 /* Release */,
			);
			defaultConfigurationIsVisible = 0;
			defaultConfigurationName = Release;
		};
/* End XCConfigurationList section */
	};
	rootObject = FF211C8728F89E9C0043B5E8 /* Project object */;
}
